
Microsoft Visual Studio Solution File, Format Version 12.00
# Visual Studio Version 17
VisualStudioVersion = 17.6.33723.286
MinimumVisualStudioVersion = 10.0.40219.1
Project("{FAE04EC0-301F-11D3-BF4B-00C04F79EFBC}") = "RankingApp", "RankingApp\RankingApp.csproj", "{35E9A417-5188-4CCD-B6D7-B0A188302613}"
EndProject
Global
	GlobalSection(SolutionConfigurationPlatforms) = preSolution
		Debug|Any CPU = Debug|Any CPU
		Release|Any CPU = Release|Any CPU
	EndGlobalSection
	GlobalSection(ProjectConfigurationPlatforms) = postSolution
		{35E9A417-5188-4CCD-B6D7-B0A188302613}.Debug|Any CPU.ActiveCfg = Debug|Any CPU
		{35E9A417-5188-4CCD-B6D7-B0A188302613}.Debug|Any CPU.Build.0 = Debug|Any CPU
		{35E9A417-5188-4CCD-B6D7-B0A188302613}.Release|Any CPU.ActiveCfg = Release|Any CPU
		{35E9A417-5188-4CCD-B6D7-B0A188302613}.Release|Any CPU.Build.0 = Release|Any CPU
	EndGlobalSection
	GlobalSection(SolutionProperties) = preSolution
		HideSolutionNode = FALSE
	EndGlobalSection
	GlobalSection(ExtensibilityGlobals) = postSolution
		SolutionGuid = {66A12969-65D4-4185-997C-89260054AA71}
	EndGlobalSection
EndGlobal
